// !$*UTF8*$!
{
	archiveVersion = 1;
	classes = {
	};
	objectVersion = 46;
	objects = {

/* Begin PBXBuildFile section */
		4D3774F81E95AF5400FA9083 /* globe.metal in Sources */ = {isa = PBXBuildFile; fileRef = 4D3774F71E95AF5400FA9083 /* globe.metal */; };
		4D739DC51E958FC9003D39F4 /* AppDelegate.swift in Sources */ = {isa = PBXBuildFile; fileRef = 4D739DC41E958FC9003D39F4 /* AppDelegate.swift */; };
		4D739DCA1E958FC9003D39F4 /* Main.storyboard in Resources */ = {isa = PBXBuildFile; fileRef = 4D739DC81E958FC9003D39F4 /* Main.storyboard */; };
		4D739DCC1E958FC9003D39F4 /* Assets.xcassets in Resources */ = {isa = PBXBuildFile; fileRef = 4D739DCB1E958FC9003D39F4 /* Assets.xcassets */; };
		4D739DCF1E958FC9003D39F4 /* LaunchScreen.storyboard in Resources */ = {isa = PBXBuildFile; fileRef = 4D739DCD1E958FC9003D39F4 /* LaunchScreen.storyboard */; };
		4D739DD81E959099003D39F4 /* sphere.metal in Sources */ = {isa = PBXBuildFile; fileRef = 4D739DD71E959099003D39F4 /* sphere.metal */; };
		4D739DDC1E9595E5003D39F4 /* Geometric.swift in Sources */ = {isa = PBXBuildFile; fileRef = 4D739DDB1E9595E5003D39F4 /* Geometric.swift */; };
		4D739DDE1E9599D9003D39F4 /* SphereGenerator.swift in Sources */ = {isa = PBXBuildFile; fileRef = 4D739DDD1E9599D9003D39F4 /* SphereGenerator.swift */; };
		80CFDA63214686BA0024D864 /* SphereViewController.swift in Sources */ = {isa = PBXBuildFile; fileRef = 80CFDA62214686BA0024D864 /* SphereViewController.swift */; };
		80CFDA68214688730024D864 /* MainSceneViewController.swift in Sources */ = {isa = PBXBuildFile; fileRef = 80CFDA67214688730024D864 /* MainSceneViewController.swift */; };
		80CFDA6B214688D00024D864 /* MetalHostingView.swift in Sources */ = {isa = PBXBuildFile; fileRef = 80CFDA6A214688D00024D864 /* MetalHostingView.swift */; };
		80CFDA6F2146A0B00024D864 /* GlobeViewController.swift in Sources */ = {isa = PBXBuildFile; fileRef = 80CFDA6E2146A0B00024D864 /* GlobeViewController.swift */; };
/* End PBXBuildFile section */

/* Begin PBXFileReference section */
		4D3774F71E95AF5400FA9083 /* globe.metal */ = {isa = PBXFileReference; fileEncoding = 4; lastKnownFileType = sourcecode.metal; path = globe.metal; sourceTree = "<group>"; };
		4D739DC11E958FC9003D39F4 /* MetalGlobe.app */ = {isa = PBXFileReference; explicitFileType = wrapper.application; includeInIndex = 0; path = MetalGlobe.app; sourceTree = BUILT_PRODUCTS_DIR; };
		4D739DC41E958FC9003D39F4 /* AppDelegate.swift */ = {isa = PBXFileReference; lastKnownFileType = sourcecode.swift; path = AppDelegate.swift; sourceTree = "<group>"; };
		4D739DC91E958FC9003D39F4 /* Base */ = {isa = PBXFileReference; lastKnownFileType = file.storyboard; name = Base; path = Base.lproj/Main.storyboard; sourceTree = "<group>"; };
		4D739DCB1E958FC9003D39F4 /* Assets.xcassets */ = {isa = PBXFileReference; lastKnownFileType = folder.assetcatalog; path = Assets.xcassets; sourceTree = "<group>"; };
		4D739DCE1E958FC9003D39F4 /* Base */ = {isa = PBXFileReference; lastKnownFileType = file.storyboard; name = Base; path = Base.lproj/LaunchScreen.storyboard; sourceTree = "<group>"; };
		4D739DD01E958FC9003D39F4 /* Info.plist */ = {isa = PBXFileReference; lastKnownFileType = text.plist.xml; path = Info.plist; sourceTree = "<group>"; };
		4D739DD71E959099003D39F4 /* sphere.metal */ = {isa = PBXFileReference; fileEncoding = 4; lastKnownFileType = sourcecode.metal; path = sphere.metal; sourceTree = "<group>"; };
		4D739DDB1E9595E5003D39F4 /* Geometric.swift */ = {isa = PBXFileReference; fileEncoding = 4; lastKnownFileType = sourcecode.swift; path = Geometric.swift; sourceTree = "<group>"; };
		4D739DDD1E9599D9003D39F4 /* SphereGenerator.swift */ = {isa = PBXFileReference; fileEncoding = 4; lastKnownFileType = sourcecode.swift; path = SphereGenerator.swift; sourceTree = "<group>"; };
		80CFDA62214686BA0024D864 /* SphereViewController.swift */ = {isa = PBXFileReference; lastKnownFileType = sourcecode.swift; path = SphereViewController.swift; sourceTree = "<group>"; };
		80CFDA67214688730024D864 /* MainSceneViewController.swift */ = {isa = PBXFileReference; lastKnownFileType = sourcecode.swift; path = MainSceneViewController.swift; sourceTree = "<group>"; };
		80CFDA6A214688D00024D864 /* MetalHostingView.swift */ = {isa = PBXFileReference; lastKnownFileType = sourcecode.swift; path = MetalHostingView.swift; sourceTree = "<group>"; };
		80CFDA6E2146A0B00024D864 /* GlobeViewController.swift */ = {isa = PBXFileReference; lastKnownFileType = sourcecode.swift; path = GlobeViewController.swift; sourceTree = "<group>"; };
/* End PBXFileReference section */

/* Begin PBXFrameworksBuildPhase section */
		4D739DBE1E958FC9003D39F4 /* Frameworks */ = {
			isa = PBXFrameworksBuildPhase;
			buildActionMask = 2147483647;
			files = (
			);
			runOnlyForDeploymentPostprocessing = 0;
		};
/* End PBXFrameworksBuildPhase section */

/* Begin PBXGroup section */
		4D739DB81E958FC9003D39F4 = {
			isa = PBXGroup;
			children = (
				4D739DC31E958FC9003D39F4 /* MetalGlobe */,
				4D739DC21E958FC9003D39F4 /* Products */,
			);
			sourceTree = "<group>";
		};
		4D739DC21E958FC9003D39F4 /* Products */ = {
			isa = PBXGroup;
			children = (
				4D739DC11E958FC9003D39F4 /* MetalGlobe.app */,
			);
			name = Products;
			sourceTree = "<group>";
		};
		4D739DC31E958FC9003D39F4 /* MetalGlobe */ = {
			isa = PBXGroup;
			children = (
				80CFDA642146879A0024D864 /* Application */,
				80CFDA61214686660024D864 /* Textures */,
				80CFDA5F214686220024D864 /* Unit */,
				80CFDA65214687DA0024D864 /* Screens */,
				80CFDA69214688BA0024D864 /* ReusableLayers */,
				80CFDA66214687E80024D864 /* Resources */,
			);
			path = MetalGlobe;
			sourceTree = "<group>";
		};
		80CFDA5F214686220024D864 /* Unit */ = {
			isa = PBXGroup;
			children = (
				4D739DDB1E9595E5003D39F4 /* Geometric.swift */,
				4D739DDD1E9599D9003D39F4 /* SphereGenerator.swift */,
			);
			path = Unit;
			sourceTree = "<group>";
		};
		80CFDA61214686660024D864 /* Textures */ = {
			isa = PBXGroup;
			children = (
				4D739DD71E959099003D39F4 /* sphere.metal */,
				4D3774F71E95AF5400FA9083 /* globe.metal */,
			);
			path = Textures;
			sourceTree = "<group>";
		};
		80CFDA642146879A0024D864 /* Application */ = {
			isa = PBXGroup;
			children = (
				4D739DC41E958FC9003D39F4 /* AppDelegate.swift */,
				4D739DCD1E958FC9003D39F4 /* LaunchScreen.storyboard */,
				4D739DD01E958FC9003D39F4 /* Info.plist */,
			);
			path = Application;
			sourceTree = "<group>";
		};
		80CFDA65214687DA0024D864 /* Screens */ = {
			isa = PBXGroup;
			children = (
				80CFDA732146F3110024D864 /* GlobeDemo */,
				80CFDA722146F2FF0024D864 /* SphereDemo */,
				80CFDA712146F2F20024D864 /* MainScene */,
			);
			path = Screens;
			sourceTree = "<group>";
		};
		80CFDA66214687E80024D864 /* Resources */ = {
			isa = PBXGroup;
			children = (
				4D739DCB1E958FC9003D39F4 /* Assets.xcassets */,
			);
			path = Resources;
			sourceTree = "<group>";
		};
		80CFDA69214688BA0024D864 /* ReusableLayers */ = {
			isa = PBXGroup;
			children = (
				80CFDA6C214688D50024D864 /* MetalHostingView */,
			);
			path = ReusableLayers;
			sourceTree = "<group>";
		};
		80CFDA6C214688D50024D864 /* MetalHostingView */ = {
			isa = PBXGroup;
			children = (
				80CFDA6A214688D00024D864 /* MetalHostingView.swift */,
			);
			path = MetalHostingView;
			sourceTree = "<group>";
		};
		80CFDA712146F2F20024D864 /* MainScene */ = {
			isa = PBXGroup;
			children = (
				4D739DC81E958FC9003D39F4 /* Main.storyboard */,
				80CFDA67214688730024D864 /* MainSceneViewController.swift */,
			);
			path = MainScene;
			sourceTree = "<group>";
		};
		80CFDA722146F2FF0024D864 /* SphereDemo */ = {
			isa = PBXGroup;
			children = (
				80CFDA62214686BA0024D864 /* SphereViewController.swift */,
			);
			path = SphereDemo;
			sourceTree = "<group>";
		};
		80CFDA732146F3110024D864 /* GlobeDemo */ = {
			isa = PBXGroup;
			children = (
				80CFDA6E2146A0B00024D864 /* GlobeViewController.swift */,
			);
			path = GlobeDemo;
			sourceTree = "<group>";
		};
/* End PBXGroup section */

/* Begin PBXNativeTarget section */
		4D739DC01E958FC9003D39F4 /* MetalGlobe */ = {
			isa = PBXNativeTarget;
			buildConfigurationList = 4D739DD31E958FC9003D39F4 /* Build configuration list for PBXNativeTarget "MetalGlobe" */;
			buildPhases = (
				4D739DBD1E958FC9003D39F4 /* Sources */,
				4D739DBE1E958FC9003D39F4 /* Frameworks */,
				4D739DBF1E958FC9003D39F4 /* Resources */,
			);
			buildRules = (
			);
			dependencies = (
			);
			name = MetalGlobe;
			productName = MetalGlobe;
			productReference = 4D739DC11E958FC9003D39F4 /* MetalGlobe.app */;
			productType = "com.apple.product-type.application";
		};
/* End PBXNativeTarget section */

/* Begin PBXProject section */
		4D739DB91E958FC9003D39F4 /* Project object */ = {
			isa = PBXProject;
			attributes = {
				LastSwiftUpdateCheck = 0830;
				LastUpgradeCheck = 0940;
				ORGANIZATIONNAME = fixique;
				TargetAttributes = {
					4D739DC01E958FC9003D39F4 = {
						CreatedOnToolsVersion = 8.3;
						DevelopmentTeam = JE6A9LTMD3;
						LastSwiftMigration = 1000;
						ProvisioningStyle = Automatic;
					};
				};
			};
			buildConfigurationList = 4D739DBC1E958FC9003D39F4 /* Build configuration list for PBXProject "MetalGlobe" */;
			compatibilityVersion = "Xcode 3.2";
			developmentRegion = English;
			hasScannedForEncodings = 0;
			knownRegions = (
				en,
				Base,
			);
			mainGroup = 4D739DB81E958FC9003D39F4;
			productRefGroup = 4D739DC21E958FC9003D39F4 /* Products */;
			projectDirPath = "";
			projectRoot = "";
			targets = (
				4D739DC01E958FC9003D39F4 /* MetalGlobe */,
			);
		};
/* End PBXProject section */

/* Begin PBXResourcesBuildPhase section */
		4D739DBF1E958FC9003D39F4 /* Resources */ = {
			isa = PBXResourcesBuildPhase;
			buildActionMask = 2147483647;
			files = (
				4D739DCF1E958FC9003D39F4 /* LaunchScreen.storyboard in Resources */,
				4D739DCC1E958FC9003D39F4 /* Assets.xcassets in Resources */,
				4D739DCA1E958FC9003D39F4 /* Main.storyboard in Resources */,
			);
			runOnlyForDeploymentPostprocessing = 0;
		};
/* End PBXResourcesBuildPhase section */

/* Begin PBXSourcesBuildPhase section */
		4D739DBD1E958FC9003D39F4 /* Sources */ = {
			isa = PBXSourcesBuildPhase;
			buildActionMask = 2147483647;
			files = (
				4D3774F81E95AF5400FA9083 /* globe.metal in Sources */,
				4D739DDC1E9595E5003D39F4 /* Geometric.swift in Sources */,
				80CFDA6F2146A0B00024D864 /* GlobeViewController.swift in Sources */,
				80CFDA6B214688D00024D864 /* MetalHostingView.swift in Sources */,
				4D739DDE1E9599D9003D39F4 /* SphereGenerator.swift in Sources */,
				80CFDA68214688730024D864 /* MainSceneViewController.swift in Sources */,
				4D739DD81E959099003D39F4 /* sphere.metal in Sources */,
				80CFDA63214686BA0024D864 /* SphereViewController.swift in Sources */,
				4D739DC51E958FC9003D39F4 /* AppDelegate.swift in Sources */,
			);
			runOnlyForDeploymentPostprocessing = 0;
		};
/* End PBXSourcesBuildPhase section */

/* Begin PBXVariantGroup section */
		4D739DC81E958FC9003D39F4 /* Main.storyboard */ = {
			isa = PBXVariantGroup;
			children = (
				4D739DC91E958FC9003D39F4 /* Base */,
			);
			name = Main.storyboard;
			sourceTree = "<group>";
		};
		4D739DCD1E958FC9003D39F4 /* LaunchScreen.storyboard */ = {
			isa = PBXVariantGroup;
			children = (
				4D739DCE1E958FC9003D39F4 /* Base */,
			);
			name = LaunchScreen.storyboard;
			sourceTree = "<group>";
		};
/* End PBXVariantGroup section */

/* Begin XCBuildConfiguration section */
		4D739DD11E958FC9003D39F4 /* Debug */ = {
			isa = XCBuildConfiguration;
			buildSettings = {
				ALWAYS_SEARCH_USER_PATHS = NO;
				CLANG_ANALYZER_NONNULL = YES;
				CLANG_ANALYZER_NUMBER_OBJECT_CONVERSION = YES_AGGRESSIVE;
				CLANG_CXX_LANGUAGE_STANDARD = "gnu++0x";
				CLANG_CXX_LIBRARY = "libc++";
				CLANG_ENABLE_MODULES = YES;
				CLANG_ENABLE_OBJC_ARC = YES;
				CLANG_WARN_BLOCK_CAPTURE_AUTORELEASING = YES;
				CLANG_WARN_BOOL_CONVERSION = YES;
				CLANG_WARN_COMMA = YES;
				CLANG_WARN_CONSTANT_CONVERSION = YES;
				CLANG_WARN_DEPRECATED_OBJC_IMPLEMENTATIONS = YES;
				CLANG_WARN_DIRECT_OBJC_ISA_USAGE = YES_ERROR;
				CLANG_WARN_DOCUMENTATION_COMMENTS = YES;
				CLANG_WARN_EMPTY_BODY = YES;
				CLANG_WARN_ENUM_CONVERSION = YES;
				CLANG_WARN_INFINITE_RECURSION = YES;
				CLANG_WARN_INT_CONVERSION = YES;
				CLANG_WARN_NON_LITERAL_NULL_CONVERSION = YES;
				CLANG_WARN_OBJC_IMPLICIT_RETAIN_SELF = YES;
				CLANG_WARN_OBJC_LITERAL_CONVERSION = YES;
				CLANG_WARN_OBJC_ROOT_CLASS = YES_ERROR;
				CLANG_WARN_RANGE_LOOP_ANALYSIS = YES;
				CLANG_WARN_STRICT_PROTOTYPES = YES;
				CLANG_WARN_SUSPICIOUS_MOVE = YES;
				CLANG_WARN_UNREACHABLE_CODE = YES;
				CLANG_WARN__DUPLICATE_METHOD_MATCH = YES;
				"CODE_SIGN_IDENTITY[sdk=iphoneos*]" = "iPhone Developer";
				COPY_PHASE_STRIP = NO;
				DEBUG_INFORMATION_FORMAT = dwarf;
				ENABLE_STRICT_OBJC_MSGSEND = YES;
				ENABLE_TESTABILITY = YES;
				GCC_C_LANGUAGE_STANDARD = gnu99;
				GCC_DYNAMIC_NO_PIC = NO;
				GCC_NO_COMMON_BLOCKS = YES;
				GCC_OPTIMIZATION_LEVEL = 0;
				GCC_PREPROCESSOR_DEFINITIONS = (
					"DEBUG=1",
					"$(inherited)",
				);
				GCC_WARN_64_TO_32_BIT_CONVERSION = YES;
				GCC_WARN_ABOUT_RETURN_TYPE = YES_ERROR;
				GCC_WARN_UNDECLARED_SELECTOR = YES;
				GCC_WARN_UNINITIALIZED_AUTOS = YES_AGGRESSIVE;
				GCC_WARN_UNUSED_FUNCTION = YES;
				GCC_WARN_UNUSED_VARIABLE = YES;
				IPHONEOS_DEPLOYMENT_TARGET = 10.3;
				MTL_ENABLE_DEBUG_INFO = YES;
				ONLY_ACTIVE_ARCH = YES;
				SDKROOT = iphoneos;
				SWIFT_ACTIVE_COMPILATION_CONDITIONS = DEBUG;
				SWIFT_OPTIMIZATION_LEVEL = "-Onone";
				TARGETED_DEVICE_FAMILY = "1,2";
			};
			name = Debug;
		};
		4D739DD21E958FC9003D39F4 /* Release */ = {
			isa = XCBuildConfiguration;
			buildSettings = {
				ALWAYS_SEARCH_USER_PATHS = NO;
				CLANG_ANALYZER_NONNULL = YES;
				CLANG_ANALYZER_NUMBER_OBJECT_CONVERSION = YES_AGGRESSIVE;
				CLANG_CXX_LANGUAGE_STANDARD = "gnu++0x";
				CLANG_CXX_LIBRARY = "libc++";
				CLANG_ENABLE_MODULES = YES;
				CLANG_ENABLE_OBJC_ARC = YES;
				CLANG_WARN_BLOCK_CAPTURE_AUTORELEASING = YES;
				CLANG_WARN_BOOL_CONVERSION = YES;
				CLANG_WARN_COMMA = YES;
				CLANG_WARN_CONSTANT_CONVERSION = YES;
				CLANG_WARN_DEPRECATED_OBJC_IMPLEMENTATIONS = YES;
				CLANG_WARN_DIRECT_OBJC_ISA_USAGE = YES_ERROR;
				CLANG_WARN_DOCUMENTATION_COMMENTS = YES;
				CLANG_WARN_EMPTY_BODY = YES;
				CLANG_WARN_ENUM_CONVERSION = YES;
				CLANG_WARN_INFINITE_RECURSION = YES;
				CLANG_WARN_INT_CONVERSION = YES;
				CLANG_WARN_NON_LITERAL_NULL_CONVERSION = YES;
				CLANG_WARN_OBJC_IMPLICIT_RETAIN_SELF = YES;
				CLANG_WARN_OBJC_LITERAL_CONVERSION = YES;
				CLANG_WARN_OBJC_ROOT_CLASS = YES_ERROR;
				CLANG_WARN_RANGE_LOOP_ANALYSIS = YES;
				CLANG_WARN_STRICT_PROTOTYPES = YES;
				CLANG_WARN_SUSPICIOUS_MOVE = YES;
				CLANG_WARN_UNREACHABLE_CODE = YES;
				CLANG_WARN__DUPLICATE_METHOD_MATCH = YES;
				"CODE_SIGN_IDENTITY[sdk=iphoneos*]" = "iPhone Developer";
				COPY_PHASE_STRIP = NO;
				DEBUG_INFORMATION_FORMAT = "dwarf-with-dsym";
				ENABLE_NS_ASSERTIONS = NO;
				ENABLE_STRICT_OBJC_MSGSEND = YES;
				GCC_C_LANGUAGE_STANDARD = gnu99;
				GCC_NO_COMMON_BLOCKS = YES;
				GCC_WARN_64_TO_32_BIT_CONVERSION = YES;
				GCC_WARN_ABOUT_RETURN_TYPE = YES_ERROR;
				GCC_WARN_UNDECLARED_SELECTOR = YES;
				GCC_WARN_UNINITIALIZED_AUTOS = YES_AGGRESSIVE;
				GCC_WARN_UNUSED_FUNCTION = YES;
				GCC_WARN_UNUSED_VARIABLE = YES;
				IPHONEOS_DEPLOYMENT_TARGET = 10.3;
				MTL_ENABLE_DEBUG_INFO = NO;
				SDKROOT = iphoneos;
				SWIFT_OPTIMIZATION_LEVEL = "-Owholemodule";
				TARGETED_DEVICE_FAMILY = "1,2";
				VALIDATE_PRODUCT = YES;
			};
			name = Release;
		};
		4D739DD41E958FC9003D39F4 /* Debug */ = {
			isa = XCBuildConfiguration;
			buildSettings = {
				ASSETCATALOG_COMPILER_APPICON_NAME = AppIcon;
				DEVELOPMENT_TEAM = JE6A9LTMD3;
				INFOPLIST_FILE = "$(SRCROOT)/MetalGlobe/Application/Info.plist";
				LD_RUNPATH_SEARCH_PATHS = "$(inherited) @executable_path/Frameworks";
				PRODUCT_BUNDLE_IDENTIFIER = me.fixique.MetalGlobe;
				PRODUCT_NAME = "$(TARGET_NAME)";
				SWIFT_VERSION = 4.2;
			};
			name = Debug;
		};
		4D739DD51E958FC9003D39F4 /* Release */ = {
			isa = XCBuildConfiguration;
			buildSettings = {
				ASSETCATALOG_COMPILER_APPICON_NAME = AppIcon;
				DEVELOPMENT_TEAM = JE6A9LTMD3;
				INFOPLIST_FILE = "$(SRCROOT)/MetalGlobe/Application/Info.plist";
				LD_RUNPATH_SEARCH_PATHS = "$(inherited) @executable_path/Frameworks";
				PRODUCT_BUNDLE_IDENTIFIER = me.fixique.MetalGlobe;
				PRODUCT_NAME = "$(TARGET_NAME)";
				SWIFT_VERSION = 4.2;
			};
			name = Release;
		};
/* End XCBuildConfiguration section */

/* Begin XCConfigurationList section */
		4D739DBC1E958FC9003D39F4 /* Build configuration list for PBXProject "MetalGlobe" */ = {
			isa = XCConfigurationList;
			buildConfigurations = (
				4D739DD11E958FC9003D39F4 /* Debug */,
				4D739DD21E958FC9003D39F4 /* Release */,
			);
			defaultConfigurationIsVisible = 0;
			defaultConfigurationName = Release;
		};
		4D739DD31E958FC9003D39F4 /* Build configuration list for PBXNativeTarget "MetalGlobe" */ = {
			isa = XCConfigurationList;
			buildConfigurations = (
				4D739DD41E958FC9003D39F4 /* Debug */,
				4D739DD51E958FC9003D39F4 /* Release */,
			);
			defaultConfigurationIsVisible = 0;
			defaultConfigurationName = Release;
		};
/* End XCConfigurationList section */
	};
	rootObject = 4D739DB91E958FC9003D39F4 /* Project object */;
}
